version: 0.2.0
title: Quick Threshold Blocking
maintainer: Fredrik Savje
description: |2-

  Provides functions for assigning treatments in randomized experiments using
  near-optimal threshold blocking. The package is made with large data sets in
  mind and derives blocks more than an order of magnitude quicker than other
  methods.
date_publication: '2018-08-21'
bug_reports: https://github.com/fsavje/quickblock/issues
url: ''
url_cran: https://CRAN.R-project.org/package=quickblock
url_git: https://github.com/fsavje/quickblock
